// !$*UTF8*$!
{
	archiveVersion = 1;
	classes = {
	};
	objectVersion = 46;
	objects = {

/* Begin PBXBuildFile section */
		96B0C95F1DFACD02005942F1 /* AppDelegate.swift in Sources */ = {isa = PBXBuildFile; fileRef = 96B0C95E1DFACD02005942F1 /* AppDelegate.swift */; };
		96B0C9611DFACD02005942F1 /* ViewController.swift in Sources */ = {isa = PBXBuildFile; fileRef = 96B0C9601DFACD02005942F1 /* ViewController.swift */; };
		96B0C9641DFACD02005942F1 /* Main.storyboard in Resources */ = {isa = PBXBuildFile; fileRef = 96B0C9621DFACD02005942F1 /* Main.storyboard */; };
		96B0C9661DFACD02005942F1 /* Assets.xcassets in Resources */ = {isa = PBXBuildFile; fileRef = 96B0C9651DFACD02005942F1 /* Assets.xcassets */; };
		96B0C9691DFACD02005942F1 /* LaunchScreen.storyboard in Resources */ = {isa = PBXBuildFile; fileRef = 96B0C9671DFACD02005942F1 /* LaunchScreen.storyboard */; };
		96B0C9741DFACD02005942F1 /* calcultor01Tests.swift in Sources */ = {isa = PBXBuildFile; fileRef = 96B0C9731DFACD02005942F1 /* calcultor01Tests.swift */; };
		96B0C97F1DFACD02005942F1 /* calcultor01UITests.swift in Sources */ = {isa = PBXBuildFile; fileRef = 96B0C97E1DFACD02005942F1 /* calcultor01UITests.swift */; };
/* End PBXBuildFile section */

/* Begin PBXContainerItemProxy section */
		96B0C9701DFACD02005942F1 /* PBXContainerItemProxy */ = {
			isa = PBXContainerItemProxy;
			containerPortal = 96B0C9531DFACD02005942F1 /* Project object */;
			proxyType = 1;
			remoteGlobalIDString = 96B0C95A1DFACD02005942F1;
			remoteInfo = calcultor01;
		};
		96B0C97B1DFACD02005942F1 /* PBXContainerItemProxy */ = {
			isa = PBXContainerItemProxy;
			containerPortal = 96B0C9531DFACD02005942F1 /* Project object */;
			proxyType = 1;
			remoteGlobalIDString = 96B0C95A1DFACD02005942F1;
			remoteInfo = calcultor01;
		};
/* End PBXContainerItemProxy section */

/* Begin PBXFileReference section */
		96B0C95B1DFACD02005942F1 /* calcultor01.app */ = {isa = PBXFileReference; explicitFileType = wrapper.application; includeInIndex = 0; path = calcultor01.app; sourceTree = BUILT_PRODUCTS_DIR; };
		96B0C95E1DFACD02005942F1 /* AppDelegate.swift */ = {isa = PBXFileReference; lastKnownFileType = sourcecode.swift; path = AppDelegate.swift; sourceTree = "<group>"; };
		96B0C9601DFACD02005942F1 /* ViewController.swift */ = {isa = PBXFileReference; lastKnownFileType = sourcecode.swift; path = ViewController.swift; sourceTree = "<group>"; };
		96B0C9631DFACD02005942F1 /* Base */ = {isa = PBXFileReference; lastKnownFileType = file.storyboard; name = Base; path = Base.lproj/Main.storyboard; sourceTree = "<group>"; };
		96B0C9651DFACD02005942F1 /* Assets.xcassets */ = {isa = PBXFileReference; lastKnownFileType = folder.assetcatalog; path = Assets.xcassets; sourceTree = "<group>"; };
		96B0C9681DFACD02005942F1 /* Base */ = {isa = PBXFileReference; lastKnownFileType = file.storyboard; name = Base; path = Base.lproj/LaunchScreen.storyboard; sourceTree = "<group>"; };
		96B0C96A1DFACD02005942F1 /* Info.plist */ = {isa = PBXFileReference; lastKnownFileType = text.plist.xml; path = Info.plist; sourceTree = "<group>"; };
		96B0C96F1DFACD02005942F1 /* calcultor01Tests.xctest */ = {isa = PBXFileReference; explicitFileType = wrapper.cfbundle; includeInIndex = 0; path = calcultor01Tests.xctest; sourceTree = BUILT_PRODUCTS_DIR; };
		96B0C9731DFACD02005942F1 /* calcultor01Tests.swift */ = {isa = PBXFileReference; lastKnownFileType = sourcecode.swift; path = calcultor01Tests.swift; sourceTree = "<group>"; };
		96B0C9751DFACD02005942F1 /* Info.plist */ = {isa = PBXFileReference; lastKnownFileType = text.plist.xml; path = Info.plist; sourceTree = "<group>"; };
		96B0C97A1DFACD02005942F1 /* calcultor01UITests.xctest */ = {isa = PBXFileReference; explicitFileType = wrapper.cfbundle; includeInIndex = 0; path = calcultor01UITests.xctest; sourceTree = BUILT_PRODUCTS_DIR; };
		96B0C97E1DFACD02005942F1 /* calcultor01UITests.swift */ = {isa = PBXFileReference; lastKnownFileType = sourcecode.swift; path = calcultor01UITests.swift; sourceTree = "<group>"; };
		96B0C9801DFACD02005942F1 /* Info.plist */ = {isa = PBXFileReference; lastKnownFileType = text.plist.xml; path = Info.plist; sourceTree = "<group>"; };
/* End PBXFileReference section */

/* Begin PBXFrameworksBuildPhase section */
		96B0C9581DFACD02005942F1 /* Frameworks */ = {
			isa = PBXFrameworksBuildPhase;
			buildActionMask = 2147483647;
			files = (
			);
			runOnlyForDeploymentPostprocessing = 0;
		};
		96B0C96C1DFACD02005942F1 /* Frameworks */ = {
			isa = PBXFrameworksBuildPhase;
			buildActionMask = 2147483647;
			files = (
			);
			runOnlyForDeploymentPostprocessing = 0;
		};
		96B0C9771DFACD02005942F1 /* Frameworks */ = {
			isa = PBXFrameworksBuildPhase;
			buildActionMask = 2147483647;
			files = (
			);
			runOnlyForDeploymentPostprocessing = 0;
		};
/* End PBXFrameworksBuildPhase section */

/* Begin PBXGroup section */
		96B0C9521DFACD02005942F1 = {
			isa = PBXGroup;
			children = (
				96B0C95D1DFACD02005942F1 /* calcultor01 */,
				96B0C9721DFACD02005942F1 /* calcultor01Tests */,
				96B0C97D1DFACD02005942F1 /* calcultor01UITests */,
				96B0C95C1DFACD02005942F1 /* Products */,
			);
			sourceTree = "<group>";
		};
		96B0C95C1DFACD02005942F1 /* Products */ = {
			isa = PBXGroup;
			children = (
				96B0C95B1DFACD02005942F1 /* calcultor01.app */,
				96B0C96F1DFACD02005942F1 /* calcultor01Tests.xctest */,
				96B0C97A1DFACD02005942F1 /* calcultor01UITests.xctest */,
			);
			name = Products;
			sourceTree = "<group>";
		};
		96B0C95D1DFACD02005942F1 /* calcultor01 */ = {
			isa = PBXGroup;
			children = (
				96B0C95E1DFACD02005942F1 /* AppDelegate.swift */,
				96B0C9601DFACD02005942F1 /* ViewController.swift */,
				96B0C9621DFACD02005942F1 /* Main.storyboard */,
				96B0C9651DFACD02005942F1 /* Assets.xcassets */,
				96B0C9671DFACD02005942F1 /* LaunchScreen.storyboard */,
				96B0C96A1DFACD02005942F1 /* Info.plist */,
			);
			path = calcultor01;
			sourceTree = "<group>";
		};
		96B0C9721DFACD02005942F1 /* calcultor01Tests */ = {
			isa = PBXGroup;
			children = (
				96B0C9731DFACD02005942F1 /* calcultor01Tests.swift */,
				96B0C9751DFACD02005942F1 /* Info.plist */,
			);
			path = calcultor01Tests;
			sourceTree = "<group>";
		};
		96B0C97D1DFACD02005942F1 /* calcultor01UITests */ = {
			isa = PBXGroup;
			children = (
				96B0C97E1DFACD02005942F1 /* calcultor01UITests.swift */,
				96B0C9801DFACD02005942F1 /* Info.plist */,
			);
			path = calcultor01UITests;
			sourceTree = "<group>";
		};
/* End PBXGroup section */

/* Begin PBXNativeTarget section */
		96B0C95A1DFACD02005942F1 /* calcultor01 */ = {
			isa = PBXNativeTarget;
			buildConfigurationList = 96B0C9831DFACD02005942F1 /* Build configuration list for PBXNativeTarget "calcultor01" */;
			buildPhases = (
				96B0C9571DFACD02005942F1 /* Sources */,
				96B0C9581DFACD02005942F1 /* Frameworks */,
				96B0C9591DFACD02005942F1 /* Resources */,
			);
			buildRules = (
			);
			dependencies = (
			);
			name = calcultor01;
			productName = calcultor01;
			productReference = 96B0C95B1DFACD02005942F1 /* calcultor01.app */;
			productType = "com.apple.product-type.application";
		};
		96B0C96E1DFACD02005942F1 /* calcultor01Tests */ = {
			isa = PBXNativeTarget;
			buildConfigurationList = 96B0C9861DFACD02005942F1 /* Build configuration list for PBXNativeTarget "calcultor01Tests" */;
			buildPhases = (
				96B0C96B1DFACD02005942F1 /* Sources */,
				96B0C96C1DFACD02005942F1 /* Frameworks */,
				96B0C96D1DFACD02005942F1 /* Resources */,
			);
			buildRules = (
			);
			dependencies = (
				96B0C9711DFACD02005942F1 /* PBXTargetDependency */,
			);
			name = calcultor01Tests;
			productName = calcultor01Tests;
			productReference = 96B0C96F1DFACD02005942F1 /* calcultor01Tests.xctest */;
			productType = "com.apple.product-type.bundle.unit-test";
		};
		96B0C9791DFACD02005942F1 /* calcultor01UITests */ = {
			isa = PBXNativeTarget;
			buildConfigurationList = 96B0C9891DFACD02005942F1 /* Build configuration list for PBXNativeTarget "calcultor01UITests" */;
			buildPhases = (
				96B0C9761DFACD02005942F1 /* Sources */,
				96B0C9771DFACD02005942F1 /* Frameworks */,
				96B0C9781DFACD02005942F1 /* Resources */,
			);
			buildRules = (
			);
			dependencies = (
				96B0C97C1DFACD02005942F1 /* PBXTargetDependency */,
			);
			name = calcultor01UITests;
			productName = calcultor01UITests;
			productReference = 96B0C97A1DFACD02005942F1 /* calcultor01UITests.xctest */;
			productType = "com.apple.product-type.bundle.ui-testing";
		};
/* End PBXNativeTarget section */

/* Begin PBXProject section */
		96B0C9531DFACD02005942F1 /* Project object */ = {
			isa = PBXProject;
			attributes = {
				LastSwiftUpdateCheck = 0810;
				LastUpgradeCheck = 0810;
				ORGANIZATIONNAME = MIGGI;
				TargetAttributes = {
					96B0C95A1DFACD02005942F1 = {
						CreatedOnToolsVersion = 8.1;
						DevelopmentTeam = VU8WQ468KN;
						ProvisioningStyle = Automatic;
					};
					96B0C96E1DFACD02005942F1 = {
						CreatedOnToolsVersion = 8.1;
						DevelopmentTeam = VU8WQ468KN;
						ProvisioningStyle = Automatic;
						TestTargetID = 96B0C95A1DFACD02005942F1;
					};
					96B0C9791DFACD02005942F1 = {
						CreatedOnToolsVersion = 8.1;
						DevelopmentTeam = VU8WQ468KN;
						ProvisioningStyle = Automatic;
						TestTargetID = 96B0C95A1DFACD02005942F1;
					};
				};
			};
			buildConfigurationList = 96B0C9561DFACD02005942F1 /* Build configuration list for PBXProject "calcultor01" */;
			compatibilityVersion = "Xcode 3.2";
			developmentRegion = English;
			hasScannedForEncodings = 0;
			knownRegions = (
				en,
				Base,
			);
			mainGroup = 96B0C9521DFACD02005942F1;
			productRefGroup = 96B0C95C1DFACD02005942F1 /* Products */;
			projectDirPath = "";
			projectRoot = "";
			targets = (
				96B0C95A1DFACD02005942F1 /* calcultor01 */,
				96B0C96E1DFACD02005942F1 /* calcultor01Tests */,
				96B0C9791DFACD02005942F1 /* calcultor01UITests */,
			);
		};
/* End PBXProject section */

/* Begin PBXResourcesBuildPhase section */
		96B0C9591DFACD02005942F1 /* Resources */ = {
			isa = PBXResourcesBuildPhase;
			buildActionMask = 2147483647;
			files = (
				96B0C9691DFACD02005942F1 /* LaunchScreen.storyboard in Resources */,
				96B0C9661DFACD02005942F1 /* Assets.xcassets in Resources */,
				96B0C9641DFACD02005942F1 /* Main.storyboard in Resources */,
			);
			runOnlyForDeploymentPostprocessing = 0;
		};
		96B0C96D1DFACD02005942F1 /* Resources */ = {
			isa = PBXResourcesBuildPhase;
			buildActionMask = 2147483647;
			files = (
			);
			runOnlyForDeploymentPostprocessing = 0;
		};
		96B0C9781DFACD02005942F1 /* Resources */ = {
			isa = PBXResourcesBuildPhase;
			buildActionMask = 2147483647;
			files = (
			);
			runOnlyForDeploymentPostprocessing = 0;
		};
/* End PBXResourcesBuildPhase section */

/* Begin PBXSourcesBuildPhase section */
		96B0C9571DFACD02005942F1 /* Sources */ = {
			isa = PBXSourcesBuildPhase;
			buildActionMask = 2147483647;
			files = (
				96B0C9611DFACD02005942F1 /* ViewController.swift in Sources */,
				96B0C95F1DFACD02005942F1 /* AppDelegate.swift in Sources */,
			);
			runOnlyForDeploymentPostprocessing = 0;
		};
		96B0C96B1DFACD02005942F1 /* Sources */ = {
			isa = PBXSourcesBuildPhase;
			buildActionMask = 2147483647;
			files = (
				96B0C9741DFACD02005942F1 /* calcultor01Tests.swift in Sources */,
			);
			runOnlyForDeploymentPostprocessing = 0;
		};
		96B0C9761DFACD02005942F1 /* Sources */ = {
			isa = PBXSourcesBuildPhase;
			buildActionMask = 2147483647;
			files = (
				96B0C97F1DFACD02005942F1 /* calcultor01UITests.swift in Sources */,
			);
			runOnlyForDeploymentPostprocessing = 0;
		};
/* End PBXSourcesBuildPhase section */

/* Begin PBXTargetDependency section */
		96B0C9711DFACD02005942F1 /* PBXTargetDependency */ = {
			isa = PBXTargetDependency;
			target = 96B0C95A1DFACD02005942F1 /* calcultor01 */;
			targetProxy = 96B0C9701DFACD02005942F1 /* PBXContainerItemProxy */;
		};
		96B0C97C1DFACD02005942F1 /* PBXTargetDependency */ = {
			isa = PBXTargetDependency;
			target = 96B0C95A1DFACD02005942F1 /* calcultor01 */;
			targetProxy = 96B0C97B1DFACD02005942F1 /* PBXContainerItemProxy */;
		};
/* End PBXTargetDependency section */

/* Begin PBXVariantGroup section */
		96B0C9621DFACD02005942F1 /* Main.storyboard */ = {
			isa = PBXVariantGroup;
			children = (
				96B0C9631DFACD02005942F1 /* Base */,
			);
			name = Main.storyboard;
			sourceTree = "<group>";
		};
		96B0C9671DFACD02005942F1 /* LaunchScreen.storyboard */ = {
			isa = PBXVariantGroup;
			children = (
				96B0C9681DFACD02005942F1 /* Base */,
			);
			name = LaunchScreen.storyboard;
			sourceTree = "<group>";
		};
/* End PBXVariantGroup section */

/* Begin XCBuildConfiguration section */
		96B0C9811DFACD02005942F1 /* Debug */ = {
			isa = XCBuildConfiguration;
			buildSettings = {
				ALWAYS_SEARCH_USER_PATHS = NO;
				CLANG_ANALYZER_NONNULL = YES;
				CLANG_CXX_LANGUAGE_STANDARD = "gnu++0x";
				CLANG_CXX_LIBRARY = "libc++";
				CLANG_ENABLE_MODULES = YES;
				CLANG_ENABLE_OBJC_ARC = YES;
				CLANG_WARN_BOOL_CONVERSION = YES;
				CLANG_WARN_CONSTANT_CONVERSION = YES;
				CLANG_WARN_DIRECT_OBJC_ISA_USAGE = YES_ERROR;
				CLANG_WARN_DOCUMENTATION_COMMENTS = YES;
				CLANG_WARN_EMPTY_BODY = YES;
				CLANG_WARN_ENUM_CONVERSION = YES;
				CLANG_WARN_INFINITE_RECURSION = YES;
				CLANG_WARN_INT_CONVERSION = YES;
				CLANG_WARN_OBJC_ROOT_CLASS = YES_ERROR;
				CLANG_WARN_SUSPICIOUS_MOVES = YES;
				CLANG_WARN_UNREACHABLE_CODE = YES;
				CLANG_WARN__DUPLICATE_METHOD_MATCH = YES;
				"CODE_SIGN_IDENTITY[sdk=iphoneos*]" = "iPhone Developer";
				COPY_PHASE_STRIP = NO;
				DEBUG_INFORMATION_FORMAT = dwarf;
				ENABLE_STRICT_OBJC_MSGSEND = YES;
				ENABLE_TESTABILITY = YES;
				GCC_C_LANGUAGE_STANDARD = gnu99;
				GCC_DYNAMIC_NO_PIC = NO;
				GCC_NO_COMMON_BLOCKS = YES;
				GCC_OPTIMIZATION_LEVEL = 0;
				GCC_PREPROCESSOR_DEFINITIONS = (
					"DEBUG=1",
					"$(inherited)",
				);
				GCC_WARN_64_TO_32_BIT_CONVERSION = YES;
				GCC_WARN_ABOUT_RETURN_TYPE = YES_ERROR;
				GCC_WARN_UNDECLARED_SELECTOR = YES;
				GCC_WARN_UNINITIALIZED_AUTOS = YES_AGGRESSIVE;
				GCC_WARN_UNUSED_FUNCTION = YES;
				GCC_WARN_UNUSED_VARIABLE = YES;
				IPHONEOS_DEPLOYMENT_TARGET = 10.1;
				MTL_ENABLE_DEBUG_INFO = YES;
				ONLY_ACTIVE_ARCH = YES;
				SDKROOT = iphoneos;
				SWIFT_ACTIVE_COMPILATION_CONDITIONS = DEBUG;
				SWIFT_OPTIMIZATION_LEVEL = "-Onone";
			};
			name = Debug;
		};
		96B0C9821DFACD02005942F1 /* Release */ = {
			isa = XCBuildConfiguration;
			buildSettings = {
				ALWAYS_SEARCH_USER_PATHS = NO;
				CLANG_ANALYZER_NONNULL = YES;
				CLANG_CXX_LANGUAGE_STANDARD = "gnu++0x";
				CLANG_CXX_LIBRARY = "libc++";
				CLANG_ENABLE_MODULES = YES;
				CLANG_ENABLE_OBJC_ARC = YES;
				CLANG_WARN_BOOL_CONVERSION = YES;
				CLANG_WARN_CONSTANT_CONVERSION = YES;
				CLANG_WARN_DIRECT_OBJC_ISA_USAGE = YES_ERROR;
				CLANG_WARN_DOCUMENTATION_COMMENTS = YES;
				CLANG_WARN_EMPTY_BODY = YES;
				CLANG_WARN_ENUM_CONVERSION = YES;
				CLANG_WARN_INFINITE_RECURSION = YES;
				CLANG_WARN_INT_CONVERSION = YES;
				CLANG_WARN_OBJC_ROOT_CLASS = YES_ERROR;
				CLANG_WARN_SUSPICIOUS_MOVES = YES;
				CLANG_WARN_UNREACHABLE_CODE = YES;
				CLANG_WARN__DUPLICATE_METHOD_MATCH = YES;
				"CODE_SIGN_IDENTITY[sdk=iphoneos*]" = "iPhone Developer";
				COPY_PHASE_STRIP = NO;
				DEBUG_INFORMATION_FORMAT = "dwarf-with-dsym";
				ENABLE_NS_ASSERTIONS = NO;
				ENABLE_STRICT_OBJC_MSGSEND = YES;
				GCC_C_LANGUAGE_STANDARD = gnu99;
				GCC_NO_COMMON_BLOCKS = YES;
				GCC_WARN_64_TO_32_BIT_CONVERSION = YES;
				GCC_WARN_ABOUT_RETURN_TYPE = YES_ERROR;
				GCC_WARN_UNDECLARED_SELECTOR = YES;
				GCC_WARN_UNINITIALIZED_AUTOS = YES_AGGRESSIVE;
				GCC_WARN_UNUSED_FUNCTION = YES;
				GCC_WARN_UNUSED_VARIABLE = YES;
				IPHONEOS_DEPLOYMENT_TARGET = 10.1;
				MTL_ENABLE_DEBUG_INFO = NO;
				SDKROOT = iphoneos;
				SWIFT_OPTIMIZATION_LEVEL = "-Owholemodule";
				VALIDATE_PRODUCT = YES;
			};
			name = Release;
		};
		96B0C9841DFACD02005942F1 /* Debug */ = {
			isa = XCBuildConfiguration;
			buildSettings = {
				ASSETCATALOG_COMPILER_APPICON_NAME = AppIcon;
				DEVELOPMENT_TEAM = VU8WQ468KN;
				INFOPLIST_FILE = calcultor01/Info.plist;
				LD_RUNPATH_SEARCH_PATHS = "$(inherited) @executable_path/Frameworks";
				PRODUCT_BUNDLE_IDENTIFIER = com.add.calcultor01;
				PRODUCT_NAME = "$(TARGET_NAME)";
				SWIFT_VERSION = 3.0;
			};
			name = Debug;
		};
		96B0C9851DFACD02005942F1 /* Release */ = {
			isa = XCBuildConfiguration;
			buildSettings = {
				ASSETCATALOG_COMPILER_APPICON_NAME = AppIcon;
				DEVELOPMENT_TEAM = VU8WQ468KN;
				INFOPLIST_FILE = calcultor01/Info.plist;
				LD_RUNPATH_SEARCH_PATHS = "$(inherited) @executable_path/Frameworks";
				PRODUCT_BUNDLE_IDENTIFIER = com.add.calcultor01;
				PRODUCT_NAME = "$(TARGET_NAME)";
				SWIFT_VERSION = 3.0;
			};
			name = Release;
		};
		96B0C9871DFACD02005942F1 /* Debug */ = {
			isa = XCBuildConfiguration;
			buildSettings = {
				ALWAYS_EMBED_SWIFT_STANDARD_LIBRARIES = YES;
				BUNDLE_LOADER = "$(TEST_HOST)";
				DEVELOPMENT_TEAM = VU8WQ468KN;
				INFOPLIST_FILE = calcultor01Tests/Info.plist;
				LD_RUNPATH_SEARCH_PATHS = "$(inherited) @executable_path/Frameworks @loader_path/Frameworks";
				PRODUCT_BUNDLE_IDENTIFIER = com.add.calcultor01Tests;
				PRODUCT_NAME = "$(TARGET_NAME)";
				SWIFT_VERSION = 3.0;
				TEST_HOST = "$(BUILT_PRODUCTS_DIR)/calcultor01.app/calcultor01";
			};
			name = Debug;
		};
		96B0C9881DFACD02005942F1 /* Release */ = {
			isa = XCBuildConfiguration;
			buildSettings = {
				ALWAYS_EMBED_SWIFT_STANDARD_LIBRARIES = YES;
				BUNDLE_LOADER = "$(TEST_HOST)";
				DEVELOPMENT_TEAM = VU8WQ468KN;
				INFOPLIST_FILE = calcultor01Tests/Info.plist;
				LD_RUNPATH_SEARCH_PATHS = "$(inherited) @executable_path/Frameworks @loader_path/Frameworks";
				PRODUCT_BUNDLE_IDENTIFIER = com.add.calcultor01Tests;
				PRODUCT_NAME = "$(TARGET_NAME)";
				SWIFT_VERSION = 3.0;
				TEST_HOST = "$(BUILT_PRODUCTS_DIR)/calcultor01.app/calcultor01";
			};
			name = Release;
		};
		96B0C98A1DFACD02005942F1 /* Debug */ = {
			isa = XCBuildConfiguration;
			buildSettings = {
				ALWAYS_EMBED_SWIFT_STANDARD_LIBRARIES = YES;
				DEVELOPMENT_TEAM = VU8WQ468KN;
				INFOPLIST_FILE = calcultor01UITests/Info.plist;
				LD_RUNPATH_SEARCH_PATHS = "$(inherited) @executable_path/Frameworks @loader_path/Frameworks";
				PRODUCT_BUNDLE_IDENTIFIER = com.add.calcultor01UITests;
				PRODUCT_NAME = "$(TARGET_NAME)";
				SWIFT_VERSION = 3.0;
				TEST_TARGET_NAME = calcultor01;
			};
			name = Debug;
		};
		96B0C98B1DFACD02005942F1 /* Release */ = {
			isa = XCBuildConfiguration;
			buildSettings = {
				ALWAYS_EMBED_SWIFT_STANDARD_LIBRARIES = YES;
				DEVELOPMENT_TEAM = VU8WQ468KN;
				INFOPLIST_FILE = calcultor01UITests/Info.plist;
				LD_RUNPATH_SEARCH_PATHS = "$(inherited) @executable_path/Frameworks @loader_path/Frameworks";
				PRODUCT_BUNDLE_IDENTIFIER = com.add.calcultor01UITests;
				PRODUCT_NAME = "$(TARGET_NAME)";
				SWIFT_VERSION = 3.0;
				TEST_TARGET_NAME = calcultor01;
			};
			name = Release;
		};
/* End XCBuildConfiguration section */

/* Begin XCConfigurationList section */
		96B0C9561DFACD02005942F1 /* Build configuration list for PBXProject "calcultor01" */ = {
			isa = XCConfigurationList;
			buildConfigurations = (
				96B0C9811DFACD02005942F1 /* Debug */,
				96B0C9821DFACD02005942F1 /* Release */,
			);
			defaultConfigurationIsVisible = 0;
			defaultConfigurationName = Release;
		};
		96B0C9831DFACD02005942F1 /* Build configuration list for PBXNativeTarget "calcultor01" */ = {
			isa = XCConfigurationList;
			buildConfigurations = (
				96B0C9841DFACD02005942F1 /* Debug */,
				96B0C9851DFACD02005942F1 /* Release */,
			);
			defaultConfigurationIsVisible = 0;
		};
		96B0C9861DFACD02005942F1 /* Build configuration list for PBXNativeTarget "calcultor01Tests" */ = {
			isa = XCConfigurationList;
			buildConfigurations = (
				96B0C9871DFACD02005942F1 /* Debug */,
				96B0C9881DFACD02005942F1 /* Release */,
			);
			defaultConfigurationIsVisible = 0;
		};
		96B0C9891DFACD02005942F1 /* Build configuration list for PBXNativeTarget "calcultor01UITests" */ = {
			isa = XCConfigurationList;
			buildConfigurations = (
				96B0C98A1DFACD02005942F1 /* Debug */,
				96B0C98B1DFACD02005942F1 /* Release */,
			);
			defaultConfigurationIsVisible = 0;
		};
/* End XCConfigurationList section */
	};
	rootObject = 96B0C9531DFACD02005942F1 /* Project object */;
}
